
Microsoft Visual Studio Solution File, Format Version 12.00
# Visual Studio Version 16
VisualStudioVersion = 16.0.31112.23
MinimumVisualStudioVersion = 10.0.40219.1
Project("{FAE04EC0-301F-11D3-BF4B-00C04F79EFBC}") = "AssetDesmondServer", "AssetDesmondServer.csproj", "{17CA926C-9C45-4049-A84F-426E6B40D48E}"
EndProject
Global
	GlobalSection(SolutionConfigurationPlatforms) = preSolution
		Debug|Any CPU = Debug|Any CPU
		Release|Any CPU = Release|Any CPU
	EndGlobalSection
	GlobalSection(ProjectConfigurationPlatforms) = postSolution
		{17CA926C-9C45-4049-A84F-426E6B40D48E}.Debug|Any CPU.ActiveCfg = Debug|Any CPU
		{17CA926C-9C45-4049-A84F-426E6B40D48E}.Debug|Any CPU.Build.0 = Debug|Any CPU
		{17CA926C-9C45-4049-A84F-426E6B40D48E}.Release|Any CPU.ActiveCfg = Release|Any CPU
		{17CA926C-9C45-4049-A84F-426E6B40D48E}.Release|Any CPU.Build.0 = Release|Any CPU
	EndGlobalSection
	GlobalSection(SolutionProperties) = preSolution
		HideSolutionNode = FALSE
	EndGlobalSection
	GlobalSection(ExtensibilityGlobals) = postSolution
		SolutionGuid = {B5FDECFF-24DE-4CA4-8071-A9D4507FE184}
	EndGlobalSection
EndGlobal
